
Microsoft Visual Studio Solution File, Format Version 12.00
# Visual Studio Version 17
VisualStudioVersion = 17.14.36616.10 d17.14
MinimumVisualStudioVersion = 10.0.40219.1
Project("{FAE04EC0-301F-11D3-BF4B-00C04F79EFBC}") = "R25 Database Editor", "R25 Database Editor\R25 Database Editor.csproj", "{60B8E0E0-51C8-4526-A82E-6944456AA8AD}"
EndProject
Global
	GlobalSection(SolutionConfigurationPlatforms) = preSolution
		Debug|Any CPU = Debug|Any CPU
		Release|Any CPU = Release|Any CPU
	EndGlobalSection
	GlobalSection(ProjectConfigurationPlatforms) = postSolution
		{60B8E0E0-51C8-4526-A82E-6944456AA8AD}.Debug|Any CPU.ActiveCfg = Debug|Any CPU
		{60B8E0E0-51C8-4526-A82E-6944456AA8AD}.Debug|Any CPU.Build.0 = Debug|Any CPU
		{60B8E0E0-51C8-4526-A82E-6944456AA8AD}.Release|Any CPU.ActiveCfg = Release|Any CPU
		{60B8E0E0-51C8-4526-A82E-6944456AA8AD}.Release|Any CPU.Build.0 = Release|Any CPU
	EndGlobalSection
	GlobalSection(SolutionProperties) = preSolution
		HideSolutionNode = FALSE
	EndGlobalSection
	GlobalSection(ExtensibilityGlobals) = postSolution
		SolutionGuid = {114C9DE8-4B82-4A02-940E-899D4785BFA7}
	EndGlobalSection
EndGlobal
